
Microsoft Visual Studio Solution File, Format Version 12.00
# Visual Studio Version 16
VisualStudioVersion = 16.0.29209.62
MinimumVisualStudioVersion = 10.0.40219.1
Project("{8BC9CEB8-8B4A-11D0-8D11-00A0C91BC942}") = "HelloOrtho", "Exercicio7\Exercicio7.vcxproj", "{6603014E-6271-4F64-99DE-18084197B105}"
EndProject
Global
	GlobalSection(SolutionConfigurationPlatforms) = preSolution
		Debug|x64 = Debug|x64
		Debug|x86 = Debug|x86
		Release|x64 = Release|x64
		Release|x86 = Release|x86
	EndGlobalSection
	GlobalSection(ProjectConfigurationPlatforms) = postSolution
		{6603014E-6271-4F64-99DE-18084197B105}.Debug|x64.ActiveCfg = Debug|x64
		{6603014E-6271-4F64-99DE-18084197B105}.Debug|x64.Build.0 = Debug|x64
		{6603014E-6271-4F64-99DE-18084197B105}.Debug|x86.ActiveCfg = Debug|Win32
		{6603014E-6271-4F64-99DE-18084197B105}.Debug|x86.Build.0 = Debug|Win32
		{6603014E-6271-4F64-99DE-18084197B105}.Release|x64.ActiveCfg = Release|x64
		{6603014E-6271-4F64-99DE-18084197B105}.Release|x64.Build.0 = Release|x64
		{6603014E-6271-4F64-99DE-18084197B105}.Release|x86.ActiveCfg = Release|Win32
		{6603014E-6271-4F64-99DE-18084197B105}.Release|x86.Build.0 = Release|Win32
	EndGlobalSection
	GlobalSection(SolutionProperties) = preSolution
		HideSolutionNode = FALSE
	EndGlobalSection
	GlobalSection(ExtensibilityGlobals) = postSolution
		SolutionGuid = {B9F2244A-A13D-4F0C-89D4-A0455FCCB358}
	EndGlobalSection
EndGlobal
